{
  "name": "trivia-panel",
  "version": "0.0.1",
  "lockfileVersion": 2,
  "requires": true,
  "packages": {
    "": {
      "name": "trivia-panel",
      "version": "0.0.1",
      "license": "GPL-3.0+",
      "dependencies": {
        "@types/fs-extra": "^9.0.13",
        "@types/uuid": "^8.3.4",
        "uuid": "^9.0.0"
      },
      "devDependencies": {
        "@rollup/plugin-typescript": "^8.5.0",
        "fs-extra": "^10.1.0",
        "nwjs-types": "^1.0.0",
        "tslib": "^2.4.0"
      }
    },
    "node_modules/@rollup/plugin-typescript": {
      "version": "8.5.0",
      "resolved": "https://registry.npmjs.org/@rollup/plugin-typescript/-/plugin-typescript-8.5.0.tgz",
      "integrity": "sha512-wMv1/scv0m/rXx21wD2IsBbJFba8wGF3ErJIr6IKRfRj49S85Lszbxb4DCo8iILpluTjk2GAAu9CoZt4G3ppgQ==",
      "dev": true,
      "dependencies": {
        "@rollup/pluginutils": "^3.1.0",
        "resolve": "^1.17.0"
      },
      "engines": {
        "node": ">=8.0.0"
      },
      "peerDependencies": {
        "rollup": "^2.14.0",
        "tslib": "*",
        "typescript": ">=3.7.0"
      },
      "peerDependenciesMeta": {
        "tslib": {
          "optional": true
        }
      }
    },
    "node_modules/@rollup/pluginutils": {
      "version": "3.1.0",
      "resolved": "https://registry.npmjs.org/@rollup/pluginutils/-/pluginutils-3.1.0.tgz",
      "integrity": "sha512-GksZ6pr6TpIjHm8h9lSQ8pi8BE9VeubNT0OMJ3B5uZJ8pz73NPiqOtCog/x2/QzM1ENChPKxMDhiQuRHsqc+lg==",
      "dev": true,
      "dependencies": {
        "@types/estree": "0.0.39",
        "estree-walker": "^1.0.1",
        "picomatch": "^2.2.2"
      },
      "engines": {
        "node": ">= 8.0.0"
      },
      "peerDependencies": {
        "rollup": "^1.20.0||^2.0.0"
      }
    },
    "node_modules/@types/estree": {
      "version": "0.0.39",
      "resolved": "https://registry.npmjs.org/@types/estree/-/estree-0.0.39.tgz",
      "integrity": "sha512-EYNwp3bU+98cpU4lAWYYL7Zz+2gryWH1qbdDTidVd6hkiR6weksdbMadyXKXNPEkQFhXM+hVO9ZygomHXp+AIw==",
      "dev": true
    },
    "node_modules/@types/fs-extra": {
      "version": "9.0.13",
      "resolved": "https://registry.npmjs.org/@types/fs-extra/-/fs-extra-9.0.13.tgz",
      "integrity": "sha512-nEnwB++1u5lVDM2UI4c1+5R+FYaKfaAzS4OococimjVm3nQw3TuzH5UNsocrcTBbhnerblyHj4A49qXbIiZdpA==",
      "dependencies": {
        "@types/node": "*"
      }
    },
    "node_modules/@types/node": {
      "version": "18.7.18",
      "resolved": "https://registry.npmjs.org/@types/node/-/node-18.7.18.tgz",
      "integrity": "sha512-m+6nTEOadJZuTPkKR/SYK3A2d7FZrgElol9UP1Kae90VVU4a6mxnPuLiIW1m4Cq4gZ/nWb9GrdVXJCoCazDAbg=="
    },
    "node_modules/@types/uuid": {
      "version": "8.3.4",
      "resolved": "https://registry.npmjs.org/@types/uuid/-/uuid-8.3.4.tgz",
      "integrity": "sha512-c/I8ZRb51j+pYGAu5CrFMRxqZ2ke4y2grEBO5AUjgSkSk+qT2Ea+OdWElz/OiMf5MNpn2b17kuVBwZLQJXzihw=="
    },
    "node_modules/estree-walker": {
      "version": "1.0.1",
      "resolved": "https://registry.npmjs.org/estree-walker/-/estree-walker-1.0.1.tgz",
      "integrity": "sha512-1fMXF3YP4pZZVozF8j/ZLfvnR8NSIljt56UhbZ5PeeDmmGHpgpdwQt7ITlGvYaQukCvuBRMLEiKiYC+oeIg4cg==",
      "dev": true
    },
    "node_modules/fs-extra": {
      "version": "10.1.0",
      "resolved": "https://registry.npmjs.org/fs-extra/-/fs-extra-10.1.0.tgz",
      "integrity": "sha512-oRXApq54ETRj4eMiFzGnHWGy+zo5raudjuxN0b8H7s/RU2oW0Wvsx9O0ACRN/kRq9E8Vu/ReskGB5o3ji+FzHQ==",
      "dev": true,
      "dependencies": {
        "graceful-fs": "^4.2.0",
        "jsonfile": "^6.0.1",
        "universalify": "^2.0.0"
      },
      "engines": {
        "node": ">=12"
      }
    },
    "node_modules/fsevents": {
      "version": "2.3.2",
      "resolved": "https://registry.npmjs.org/fsevents/-/fsevents-2.3.2.tgz",
      "integrity": "sha512-xiqMQR4xAeHTuB9uWm+fFRcIOgKBMiOBP+eXiyT7jsgVCq1bkVygt00oASowB7EdtpOHaaPgKt812P9ab+DDKA==",
      "dev": true,
      "hasInstallScript": true,
      "optional": true,
      "os": [
        "darwin"
      ],
      "peer": true,
      "engines": {
        "node": "^8.16.0 || ^10.6.0 || >=11.0.0"
      }
    },
    "node_modules/function-bind": {
      "version": "1.1.1",
      "resolved": "https://registry.npmjs.org/function-bind/-/function-bind-1.1.1.tgz",
      "integrity": "sha512-yIovAzMX49sF8Yl58fSCWJ5svSLuaibPxXQJFLmBObTuCr0Mf1KiPopGM9NiFjiYBCbfaa2Fh6breQ6ANVTI0A==",
      "dev": true
    },
    "node_modules/graceful-fs": {
      "version": "4.2.10",
      "resolved": "https://registry.npmjs.org/graceful-fs/-/graceful-fs-4.2.10.tgz",
      "integrity": "sha512-9ByhssR2fPVsNZj478qUUbKfmL0+t5BDVyjShtyZZLiK7ZDAArFFfopyOTj0M05wE2tJPisA4iTnnXl2YoPvOA==",
      "dev": true
    },
    "node_modules/has": {
      "version": "1.0.3",
      "resolved": "https://registry.npmjs.org/has/-/has-1.0.3.tgz",
      "integrity": "sha512-f2dvO0VU6Oej7RkWJGrehjbzMAjFp5/VKPp5tTpWIV4JHHZK1/BxbFRtf/siA2SWTe09caDmVtYYzWEIbBS4zw==",
      "dev": true,
      "dependencies": {
        "function-bind": "^1.1.1"
      },
      "engines": {
        "node": ">= 0.4.0"
      }
    },
    "node_modules/is-core-module": {
      "version": "2.10.0",
      "resolved": "https://registry.npmjs.org/is-core-module/-/is-core-module-2.10.0.tgz",
      "integrity": "sha512-Erxj2n/LDAZ7H8WNJXd9tw38GYM3dv8rk8Zcs+jJuxYTW7sozH+SS8NtrSjVL1/vpLvWi1hxy96IzjJ3EHTJJg==",
      "dev": true,
      "dependencies": {
        "has": "^1.0.3"
      },
      "funding": {
        "url": "https://github.com/sponsors/ljharb"
      }
    },
    "node_modules/jsonfile": {
      "version": "6.1.0",
      "resolved": "https://registry.npmjs.org/jsonfile/-/jsonfile-6.1.0.tgz",
      "integrity": "sha512-5dgndWOriYSm5cnYaJNhalLNDKOqFwyDB/rr1E9ZsGciGvKPs8R2xYGCacuf3z6K1YKDz182fd+fY3cn3pMqXQ==",
      "dev": true,
      "dependencies": {
        "universalify": "^2.0.0"
      },
      "optionalDependencies": {
        "graceful-fs": "^4.1.6"
      }
    },
    "node_modules/nwjs-types": {
      "version": "1.0.0",
      "resolved": "https://registry.npmjs.org/nwjs-types/-/nwjs-types-1.0.0.tgz",
      "integrity": "sha512-lMOCPWuUIK5/g+3cPj/E1Z1dw+kjCpdT+7s9LqbY4AM9WMy76QOZ3Kk+c983GTKadkRrWazOKThhTUDgpl898A==",
      "dev": true,
      "dependencies": {
        "@types/node": "^11.11.3"
      }
    },
    "node_modules/nwjs-types/node_modules/@types/node": {
      "version": "11.15.54",
      "resolved": "https://registry.npmjs.org/@types/node/-/node-11.15.54.tgz",
      "integrity": "sha512-1RWYiq+5UfozGsU6MwJyFX6BtktcT10XRjvcAQmskCtMcW3tPske88lM/nHv7BQG1w9KBXI1zPGuu5PnNCX14g==",
      "dev": true
    },
    "node_modules/path-parse": {
      "version": "1.0.7",
      "resolved": "https://registry.npmjs.org/path-parse/-/path-parse-1.0.7.tgz",
      "integrity": "sha512-LDJzPVEEEPR+y48z93A0Ed0yXb8pAByGWo/k5YYdYgpY2/2EsOsksJrq7lOHxryrVOn1ejG6oAp8ahvOIQD8sw==",
      "dev": true
    },
    "node_modules/picomatch": {
      "version": "2.3.1",
      "resolved": "https://registry.npmjs.org/picomatch/-/picomatch-2.3.1.tgz",
      "integrity": "sha512-JU3teHTNjmE2VCGFzuY8EXzCDVwEqB2a8fsIvwaStHhAWJEeVd1o1QD80CU6+ZdEXXSLbSsuLwJjkCBWqRQUVA==",
      "dev": true,
      "engines": {
        "node": ">=8.6"
      },
      "funding": {
        "url": "https://github.com/sponsors/jonschlinkert"
      }
    },
    "node_modules/resolve": {
      "version": "1.22.1",
      "resolved": "https://registry.npmjs.org/resolve/-/resolve-1.22.1.tgz",
      "integrity": "sha512-nBpuuYuY5jFsli/JIs1oldw6fOQCBioohqWZg/2hiaOybXOft4lonv85uDOKXdf8rhyK159cxU5cDcK/NKk8zw==",
      "dev": true,
      "dependencies": {
        "is-core-module": "^2.9.0",
        "path-parse": "^1.0.7",
        "supports-preserve-symlinks-flag": "^1.0.0"
      },
      "bin": {
        "resolve": "bin/resolve"
      },
      "funding": {
        "url": "https://github.com/sponsors/ljharb"
      }
    },
    "node_modules/rollup": {
      "version": "2.79.0",
      "resolved": "https://registry.npmjs.org/rollup/-/rollup-2.79.0.tgz",
      "integrity": "sha512-x4KsrCgwQ7ZJPcFA/SUu6QVcYlO7uRLfLAy0DSA4NS2eG8japdbpM50ToH7z4iObodRYOJ0soneF0iaQRJ6zhA==",
      "dev": true,
      "peer": true,
      "bin": {
        "rollup": "dist/bin/rollup"
      },
      "engines": {
        "node": ">=10.0.0"
      },
      "optionalDependencies": {
        "fsevents": "~2.3.2"
      }
    },
    "node_modules/supports-preserve-symlinks-flag": {
      "version": "1.0.0",
      "resolved": "https://registry.npmjs.org/supports-preserve-symlinks-flag/-/supports-preserve-symlinks-flag-1.0.0.tgz",
      "integrity": "sha512-ot0WnXS9fgdkgIcePe6RHNk1WA8+muPa6cSjeR3V8K27q9BB1rTE3R1p7Hv0z1ZyAc8s6Vvv8DIyWf681MAt0w==",
      "dev": true,
      "engines": {
        "node": ">= 0.4"
      },
      "funding": {
        "url": "https://github.com/sponsors/ljharb"
      }
    },
    "node_modules/tslib": {
      "version": "2.4.0",
      "resolved": "https://registry.npmjs.org/tslib/-/tslib-2.4.0.tgz",
      "integrity": "sha512-d6xOpEDfsi2CZVlPQzGeux8XMwLT9hssAsaPYExaQMuYskwb+x1x7J371tWlbBdWHroy99KnVB6qIkUbs5X3UQ==",
      "dev": true
    },
    "node_modules/typescript": {
      "version": "4.8.3",
      "resolved": "https://registry.npmjs.org/typescript/-/typescript-4.8.3.tgz",
      "integrity": "sha512-goMHfm00nWPa8UvR/CPSvykqf6dVV8x/dp0c5mFTMTIu0u0FlGWRioyy7Nn0PGAdHxpJZnuO/ut+PpQ8UiHAig==",
      "dev": true,
      "peer": true,
      "bin": {
        "tsc": "bin/tsc",
        "tsserver": "bin/tsserver"
      },
      "engines": {
        "node": ">=4.2.0"
      }
    },
    "node_modules/universalify": {
      "version": "2.0.0",
      "resolved": "https://registry.npmjs.org/universalify/-/universalify-2.0.0.tgz",
      "integrity": "sha512-hAZsKq7Yy11Zu1DE0OzWjw7nnLZmJZYTDZZyEFHZdUhV8FkH5MCfoU1XMaxXovpyW5nq5scPqq0ZDP9Zyl04oQ==",
      "dev": true,
      "engines": {
        "node": ">= 10.0.0"
      }
    },
    "node_modules/uuid": {
      "version": "9.0.0",
      "resolved": "https://registry.npmjs.org/uuid/-/uuid-9.0.0.tgz",
      "integrity": "sha512-MXcSTerfPa4uqyzStbRoTgt5XIe3x5+42+q1sDuy3R5MDk66URdLMOZe5aPX/SQd+kuYAh0FdP/pO28IkQyTeg==",
      "bin": {
        "uuid": "dist/bin/uuid"
      }
    }
  },
  "dependencies": {
    "@rollup/plugin-typescript": {
      "version": "8.5.0",
      "resolved": "https://registry.npmjs.org/@rollup/plugin-typescript/-/plugin-typescript-8.5.0.tgz",
      "integrity": "sha512-wMv1/scv0m/rXx21wD2IsBbJFba8wGF3ErJIr6IKRfRj49S85Lszbxb4DCo8iILpluTjk2GAAu9CoZt4G3ppgQ==",
      "dev": true,
      "requires": {
        "@rollup/pluginutils": "^3.1.0",
        "resolve": "^1.17.0"
      }
    },
    "@rollup/pluginutils": {
      "version": "3.1.0",
      "resolved": "https://registry.npmjs.org/@rollup/pluginutils/-/pluginutils-3.1.0.tgz",
      "integrity": "sha512-GksZ6pr6TpIjHm8h9lSQ8pi8BE9VeubNT0OMJ3B5uZJ8pz73NPiqOtCog/x2/QzM1ENChPKxMDhiQuRHsqc+lg==",
      "dev": true,
      "requires": {
        "@types/estree": "0.0.39",
        "estree-walker": "^1.0.1",
        "picomatch": "^2.2.2"
      }
    },
    "@types/estree": {
      "version": "0.0.39",
      "resolved": "https://registry.npmjs.org/@types/estree/-/estree-0.0.39.tgz",
      "integrity": "sha512-EYNwp3bU+98cpU4lAWYYL7Zz+2gryWH1qbdDTidVd6hkiR6weksdbMadyXKXNPEkQFhXM+hVO9ZygomHXp+AIw==",
      "dev": true
    },
    "@types/fs-extra": {
      "version": "9.0.13",
      "resolved": "https://registry.npmjs.org/@types/fs-extra/-/fs-extra-9.0.13.tgz",
      "integrity": "sha512-nEnwB++1u5lVDM2UI4c1+5R+FYaKfaAzS4OococimjVm3nQw3TuzH5UNsocrcTBbhnerblyHj4A49qXbIiZdpA==",
      "requires": {
        "@types/node": "*"
      }
    },
    "@types/node": {
      "version": "18.7.18",
      "resolved": "https://registry.npmjs.org/@types/node/-/node-18.7.18.tgz",
      "integrity": "sha512-m+6nTEOadJZuTPkKR/SYK3A2d7FZrgElol9UP1Kae90VVU4a6mxnPuLiIW1m4Cq4gZ/nWb9GrdVXJCoCazDAbg=="
    },
    "@types/uuid": {
      "version": "8.3.4",
      "resolved": "https://registry.npmjs.org/@types/uuid/-/uuid-8.3.4.tgz",
      "integrity": "sha512-c/I8ZRb51j+pYGAu5CrFMRxqZ2ke4y2grEBO5AUjgSkSk+qT2Ea+OdWElz/OiMf5MNpn2b17kuVBwZLQJXzihw=="
    },
    "estree-walker": {
      "version": "1.0.1",
      "resolved": "https://registry.npmjs.org/estree-walker/-/estree-walker-1.0.1.tgz",
      "integrity": "sha512-1fMXF3YP4pZZVozF8j/ZLfvnR8NSIljt56UhbZ5PeeDmmGHpgpdwQt7ITlGvYaQukCvuBRMLEiKiYC+oeIg4cg==",
      "dev": true
    },
    "fs-extra": {
      "version": "10.1.0",
      "resolved": "https://registry.npmjs.org/fs-extra/-/fs-extra-10.1.0.tgz",
      "integrity": "sha512-oRXApq54ETRj4eMiFzGnHWGy+zo5raudjuxN0b8H7s/RU2oW0Wvsx9O0ACRN/kRq9E8Vu/ReskGB5o3ji+FzHQ==",
      "dev": true,
      "requires": {
        "graceful-fs": "^4.2.0",
        "jsonfile": "^6.0.1",
        "universalify": "^2.0.0"
      }
    },
    "fsevents": {
      "version": "2.3.2",
      "resolved": "https://registry.npmjs.org/fsevents/-/fsevents-2.3.2.tgz",
      "integrity": "sha512-xiqMQR4xAeHTuB9uWm+fFRcIOgKBMiOBP+eXiyT7jsgVCq1bkVygt00oASowB7EdtpOHaaPgKt812P9ab+DDKA==",
      "dev": true,
      "optional": true,
      "peer": true
    },
    "function-bind": {
      "version": "1.1.1",
      "resolved": "https://registry.npmjs.org/function-bind/-/function-bind-1.1.1.tgz",
      "integrity": "sha512-yIovAzMX49sF8Yl58fSCWJ5svSLuaibPxXQJFLmBObTuCr0Mf1KiPopGM9NiFjiYBCbfaa2Fh6breQ6ANVTI0A==",
      "dev": true
    },
    "graceful-fs": {
      "version": "4.2.10",
      "resolved": "https://registry.npmjs.org/graceful-fs/-/graceful-fs-4.2.10.tgz",
      "integrity": "sha512-9ByhssR2fPVsNZj478qUUbKfmL0+t5BDVyjShtyZZLiK7ZDAArFFfopyOTj0M05wE2tJPisA4iTnnXl2YoPvOA==",
      "dev": true
    },
    "has": {
      "version": "1.0.3",
      "resolved": "https://registry.npmjs.org/has/-/has-1.0.3.tgz",
      "integrity": "sha512-f2dvO0VU6Oej7RkWJGrehjbzMAjFp5/VKPp5tTpWIV4JHHZK1/BxbFRtf/siA2SWTe09caDmVtYYzWEIbBS4zw==",
      "dev": true,
      "requires": {
        "function-bind": "^1.1.1"
      }
    },
    "is-core-module": {
      "version": "2.10.0",
      "resolved": "https://registry.npmjs.org/is-core-module/-/is-core-module-2.10.0.tgz",
      "integrity": "sha512-Erxj2n/LDAZ7H8WNJXd9tw38GYM3dv8rk8Zcs+jJuxYTW7sozH+SS8NtrSjVL1/vpLvWi1hxy96IzjJ3EHTJJg==",
      "dev": true,
      "requires": {
        "has": "^1.0.3"
      }
    },
    "jsonfile": {
      "version": "6.1.0",
      "resolved": "https://registry.npmjs.org/jsonfile/-/jsonfile-6.1.0.tgz",
      "integrity": "sha512-5dgndWOriYSm5cnYaJNhalLNDKOqFwyDB/rr1E9ZsGciGvKPs8R2xYGCacuf3z6K1YKDz182fd+fY3cn3pMqXQ==",
      "dev": true,
      "requires": {
        "graceful-fs": "^4.1.6",
        "universalify": "^2.0.0"
      }
    },
    "nwjs-types": {
      "version": "1.0.0",
      "resolved": "https://registry.npmjs.org/nwjs-types/-/nwjs-types-1.0.0.tgz",
      "integrity": "sha512-lMOCPWuUIK5/g+3cPj/E1Z1dw+kjCpdT+7s9LqbY4AM9WMy76QOZ3Kk+c983GTKadkRrWazOKThhTUDgpl898A==",
      "dev": true,
      "requires": {
        "@types/node": "^11.11.3"
      },
      "dependencies": {
        "@types/node": {
          "version": "11.15.54",
          "resolved": "https://registry.npmjs.org/@types/node/-/node-11.15.54.tgz",
          "integrity": "sha512-1RWYiq+5UfozGsU6MwJyFX6BtktcT10XRjvcAQmskCtMcW3tPske88lM/nHv7BQG1w9KBXI1zPGuu5PnNCX14g==",
          "dev": true
        }
      }
    },
    "path-parse": {
      "version": "1.0.7",
      "resolved": "https://registry.npmjs.org/path-parse/-/path-parse-1.0.7.tgz",
      "integrity": "sha512-LDJzPVEEEPR+y48z93A0Ed0yXb8pAByGWo/k5YYdYgpY2/2EsOsksJrq7lOHxryrVOn1ejG6oAp8ahvOIQD8sw==",
      "dev": true
    },
    "picomatch": {
      "version": "2.3.1",
      "resolved": "https://registry.npmjs.org/picomatch/-/picomatch-2.3.1.tgz",
      "integrity": "sha512-JU3teHTNjmE2VCGFzuY8EXzCDVwEqB2a8fsIvwaStHhAWJEeVd1o1QD80CU6+ZdEXXSLbSsuLwJjkCBWqRQUVA==",
      "dev": true
    },
    "resolve": {
      "version": "1.22.1",
      "resolved": "https://registry.npmjs.org/resolve/-/resolve-1.22.1.tgz",
      "integrity": "sha512-nBpuuYuY5jFsli/JIs1oldw6fOQCBioohqWZg/2hiaOybXOft4lonv85uDOKXdf8rhyK159cxU5cDcK/NKk8zw==",
      "dev": true,
      "requires": {
        "is-core-module": "^2.9.0",
        "path-parse": "^1.0.7",
        "supports-preserve-symlinks-flag": "^1.0.0"
      }
    },
    "rollup": {
      "version": "2.79.0",
      "resolved": "https://registry.npmjs.org/rollup/-/rollup-2.79.0.tgz",
      "integrity": "sha512-x4KsrCgwQ7ZJPcFA/SUu6QVcYlO7uRLfLAy0DSA4NS2eG8japdbpM50ToH7z4iObodRYOJ0soneF0iaQRJ6zhA==",
      "dev": true,
      "peer": true,
      "requires": {
        "fsevents": "~2.3.2"
      }
    },
    "supports-preserve-symlinks-flag": {
      "version": "1.0.0",
      "resolved": "https://registry.npmjs.org/supports-preserve-symlinks-flag/-/supports-preserve-symlinks-flag-1.0.0.tgz",
      "integrity": "sha512-ot0WnXS9fgdkgIcePe6RHNk1WA8+muPa6cSjeR3V8K27q9BB1rTE3R1p7Hv0z1ZyAc8s6Vvv8DIyWf681MAt0w==",
      "dev": true
    },
    "tslib": {
      "version": "2.4.0",
      "resolved": "https://registry.npmjs.org/tslib/-/tslib-2.4.0.tgz",
      "integrity": "sha512-d6xOpEDfsi2CZVlPQzGeux8XMwLT9hssAsaPYExaQMuYskwb+x1x7J371tWlbBdWHroy99KnVB6qIkUbs5X3UQ==",
      "dev": true
    },
    "typescript": {
      "version": "4.8.3",
      "resolved": "https://registry.npmjs.org/typescript/-/typescript-4.8.3.tgz",
      "integrity": "sha512-goMHfm00nWPa8UvR/CPSvykqf6dVV8x/dp0c5mFTMTIu0u0FlGWRioyy7Nn0PGAdHxpJZnuO/ut+PpQ8UiHAig==",
      "dev": true,
      "peer": true
    },
    "universalify": {
      "version": "2.0.0",
      "resolved": "https://registry.npmjs.org/universalify/-/universalify-2.0.0.tgz",
      "integrity": "sha512-hAZsKq7Yy11Zu1DE0OzWjw7nnLZmJZYTDZZyEFHZdUhV8FkH5MCfoU1XMaxXovpyW5nq5scPqq0ZDP9Zyl04oQ==",
      "dev": true
    },
    "uuid": {
      "version": "9.0.0",
      "resolved": "https://registry.npmjs.org/uuid/-/uuid-9.0.0.tgz",
      "integrity": "sha512-MXcSTerfPa4uqyzStbRoTgt5XIe3x5+42+q1sDuy3R5MDk66URdLMOZe5aPX/SQd+kuYAh0FdP/pO28IkQyTeg=="
    }
  }
}
